Microsoft Visual Studio Solution File, Format Version 12.00
# Visual Studio Version 16
VisualStudioVersion = 16.0.29806.167
MinimumVisualStudioVersion = 10.0.40219.1
Project("{2150E333-8FDC-42A3-9474-1A3956D46DE8}") = ".paket", ".paket", "{63297B98-5CED-492C-A5B7-A5B4F73CF142}"
	ProjectSection(SolutionItems) = preProject
		paket.dependencies = paket.dependencies
		paket.lock = paket.lock
		paket.references = paket.references
	EndProjectSection
EndProject
Project("{2150E333-8FDC-42A3-9474-1A3956D46DE8}") = "docs", "docs", "{A6A6AF7D-D6E3-442D-9B1E-58CC91879BE1}"
EndProject
Project("{6EC3EE1D-3C4E-46DD-8F32-0CC8E7565705}") = "BioFSharp.Mz", "src\BioFSharp.Mz\BioFSharp.Mz.fsproj", "{C11E9782-6300-40E5-AE37-32197AD9F78D}"
EndProject
Project("{2150E333-8FDC-42A3-9474-1A3956D46DE8}") = "project", "project", "{BF60BC93-E09B-4E5F-9D85-95A519479D54}"
	ProjectSection(SolutionItems) = preProject
		README.md = README.md
		RELEASE_NOTES.md = RELEASE_NOTES.md
	EndProjectSection
EndProject
Project("{2150E333-8FDC-42A3-9474-1A3956D46DE8}") = "tools", "tools", "{83F16175-43B1-4C90-A1EE-8E351C33435D}"
	ProjectSection(SolutionItems) = preProject
		docsrc\files\styles\CSBStyles.css = docsrc\files\styles\CSBStyles.css
		docsrc\tools\generate.fsx = docsrc\tools\generate.fsx
		docsrc\tools\templates\template.cshtml = docsrc\tools\templates\template.cshtml
	EndProjectSection
EndProject
Project("{2150E333-8FDC-42A3-9474-1A3956D46DE8}") = "content", "content", "{8E6D5255-776D-4B61-85F9-73C37AA1FB9A}"
	ProjectSection(SolutionItems) = preProject
		docsrc\content\index.fsx = docsrc\content\index.fsx
		docsrc\content\tutorial.fsx = docsrc\content\tutorial.fsx
	EndProjectSection
EndProject
Project("{2150E333-8FDC-42A3-9474-1A3956D46DE8}") = "tests", "tests", "{ED8079DD-2B06-4030-9F0F-DC548F98E1C4}"
EndProject
Project("{6EC3EE1D-3C4E-46DD-8F32-0CC8E7565705}") = "BioFSharp.Mz.Tests", "tests\BioFSharp.Mz.Tests\BioFSharp.Mz.Tests.fsproj", "{5349BEF1-33E9-421A-8211-587105C7F81E}"
EndProject
Project("{2150E333-8FDC-42A3-9474-1A3956D46DE8}") = "git", "git", "{078A9C52-DDC1-46F4-9235-9E6C89C87AFD}"
	ProjectSection(SolutionItems) = preProject
		.gitattributes = .gitattributes
		.gitignore = .gitignore
		.github\ISSUE_TEMPLATE\bug_report.md = .github\ISSUE_TEMPLATE\bug_report.md
		CODE_OF_CONDUCT.md = CODE_OF_CONDUCT.md
		.github\CONTRIBUTING.md = .github\CONTRIBUTING.md
		.github\ISSUE_TEMPLATE\feature_request.md = .github\ISSUE_TEMPLATE\feature_request.md
		.github\ISSUE_TEMPLATE.md = .github\ISSUE_TEMPLATE.md
		PULL_REQUEST_TEMPLATE.md = PULL_REQUEST_TEMPLATE.md
	EndProjectSection
EndProject
Project("{2150E333-8FDC-42A3-9474-1A3956D46DE8}") = ".build", ".build", "{7C6D08E7-3EAC-4335-8F4B-252C193C27C9}"
	ProjectSection(SolutionItems) = preProject
		.travis.yml = .travis.yml
		appveyor.yml = appveyor.yml
		build.cmd = build.cmd
		build.fsx = build.fsx
		build.proj = build.proj
		build.sh = build.sh
	EndProjectSection
EndProject
Project("{6EC3EE1D-3C4E-46DD-8F32-0CC8E7565705}") = "BioFSharp.Mz.Vis", "src\BioFSharp.Mz.Vis\BioFSharp.Mz.Vis.fsproj", "{74C79326-82D8-43D0-B699-EDFB5C20ECB2}"
EndProject
Global
	GlobalSection(SolutionConfigurationPlatforms) = preSolution
		Debug|Any CPU = Debug|Any CPU
		Release|Any CPU = Release|Any CPU
	EndGlobalSection
	GlobalSection(ProjectConfigurationPlatforms) = postSolution
		{C11E9782-6300-40E5-AE37-32197AD9F78D}.Debug|Any CPU.ActiveCfg = Debug|Any CPU
		{C11E9782-6300-40E5-AE37-32197AD9F78D}.Debug|Any CPU.Build.0 = Debug|Any CPU
		{C11E9782-6300-40E5-AE37-32197AD9F78D}.Release|Any CPU.ActiveCfg = Release|Any CPU
		{C11E9782-6300-40E5-AE37-32197AD9F78D}.Release|Any CPU.Build.0 = Release|Any CPU
		{5349BEF1-33E9-421A-8211-587105C7F81E}.Debug|Any CPU.ActiveCfg = Debug|Any CPU
		{5349BEF1-33E9-421A-8211-587105C7F81E}.Debug|Any CPU.Build.0 = Debug|Any CPU
		{5349BEF1-33E9-421A-8211-587105C7F81E}.Release|Any CPU.ActiveCfg = Release|Any CPU
		{5349BEF1-33E9-421A-8211-587105C7F81E}.Release|Any CPU.Build.0 = Release|Any CPU
		{74C79326-82D8-43D0-B699-EDFB5C20ECB2}.Debug|Any CPU.ActiveCfg = Debug|Any CPU
		{74C79326-82D8-43D0-B699-EDFB5C20ECB2}.Debug|Any CPU.Build.0 = Debug|Any CPU
		{74C79326-82D8-43D0-B699-EDFB5C20ECB2}.Release|Any CPU.ActiveCfg = Release|Any CPU
		{74C79326-82D8-43D0-B699-EDFB5C20ECB2}.Release|Any CPU.Build.0 = Release|Any CPU
	EndGlobalSection
	GlobalSection(SolutionProperties) = preSolution
		HideSolutionNode = FALSE
	EndGlobalSection
	GlobalSection(NestedProjects) = preSolution
		{83F16175-43B1-4C90-A1EE-8E351C33435D} = {A6A6AF7D-D6E3-442D-9B1E-58CC91879BE1}
		{8E6D5255-776D-4B61-85F9-73C37AA1FB9A} = {A6A6AF7D-D6E3-442D-9B1E-58CC91879BE1}
		{5349BEF1-33E9-421A-8211-587105C7F81E} = {ED8079DD-2B06-4030-9F0F-DC548F98E1C4}
	EndGlobalSection
	GlobalSection(ExtensibilityGlobals) = postSolution
		SolutionGuid = {D55EAFC0-7966-48AB-9DF6-8CFA23ABABB1}
	EndGlobalSection
EndGlobal
